{
  "name": "pro-trades",
  "version": "1.0.0",
  "lockfileVersion": 1,
  "requires": true,
  "dependencies": {
    "zacks-api": {
      "version": "1.0.5",
      "resolved": "https://registry.npmjs.org/zacks-api/-/zacks-api-1.0.5.tgz",
      "integrity": "sha512-sGcutJc1NqJk1FS18ID7VW3JxQ5/sLVXe1leHivnhxnwpNHpnxTOxI2Vyblh5/5qRulSxD6BheqQHuhqn1/+ew=="
    }
  }
}
